NeoBundleLock Align 787662fe90cd057942bc5b682fd70c87e1a9dd77
NeoBundleLock CRefVim f1ca962116cf90a23efa79b3bcdbd65191bf798c
NeoBundleLock LaTeX-Suite-aka-Vim-LaTeX d1e3755fbe06d2f8dc79303126fd7796115496bf
NeoBundleLock Zenburn 33e67af2418e4775c2a7abc6e8fef401e697e1eb
NeoBundleLock ack.vim b9f85efc0dcc97cdafa8dcc1689e8a8d3f1dd756
NeoBundleLock ag.vim f05f31352689be245611c893b37652110f27a2c5
NeoBundleLock cream-showinvisibles cea138926de879d891bd8499b2350e6f8f522889
NeoBundleLock ctrlp.vim b5d3fe66a58a13d2ff8b6391f4387608496a030f
NeoBundleLock delimitMate 9a77c3aee6502fd13f036a783b334fbade583532
NeoBundleLock emmet-vim 1c46c5fb775606621906f0bedc8da8bc636c1dac
NeoBundleLock jellybeans.vim f931895c20681684278aef2ffd810730b9c36ec3
NeoBundleLock neobundle.vim 9a69b56f24f31cc4e4592f44f03d2fdb8dea92b3
NeoBundleLock nerdtree a87b1bf3c566c3f80090996a2a2a1201318478a8
NeoBundleLock qfn 466f3e7280a441e48de28bf296b6a5de1f657971
NeoBundleLock scratch.vim 90c2bc4bfe01151aa5c71d9cb243b05bc105ae01
NeoBundleLock syntastic 5dba05af4fb9e69472a994bb1228c6b86a47911a
NeoBundleLock taglist.vim 53041fbc45398a9af631a20657e109707a455339
NeoBundleLock textile.vim 00541bdac375938ca013fdb39eab95a04e622bac
NeoBundleLock treetop.vim 9ba73a5f75630e24550fbd8ea600b264e87fedd5
NeoBundleLock vim-bundler 207e213d40c53e1f41071eb5225ecfe409fbb595
NeoBundleLock vim-colorschemes 81c6dd7ce3169e5ad9ba92422ba6e1ce5b074e36
NeoBundleLock vim-fugitive 4cc201cbe3a0c3faa4cde1b82ba941d410e5e81c
NeoBundleLock vim-gnupg dd8e4adb4d1c6c9fda7a1d60cbc863e260687de9
NeoBundleLock vim-powerline 09c0cea859a2e0989eea740655b35976d951a84e
NeoBundleLock vim-ragtag bef689a4d5ceb10bbe1b5aa216394bc3197a1258
NeoBundleLock vim-rails e537c71b5fbf5e7ee54c811d849fd59eecbe5b97
NeoBundleLock vim-rake ba2a9cf9266189d542abdd860a5ac282249dcdfe
NeoBundleLock vim-ruby ef2deeae81f540a17a3da5907146b3579c8ee0d6
NeoBundleLock vim-sensible d0beb8ab42627bea2c747564ca46ec663e3ba0ba
NeoBundleLock vim-slim 0daaa8581f9a9968cebbc7d14ae9acf1625c0389
NeoBundleLock vim-surround 772ab9587b7d1e2c3bae75395c9123803059ba8a
NeoBundleLock vim-textobj-rubyblock b5b84e49e609439e81aa03fa8e605a6097185665
NeoBundleLock vim-textobj-user a3054162c09bcf732624f43ddacbd85dad09713b
NeoBundleLock vimoutliner 7c995f973c54b0d026137615af28059890edb197
